
Microsoft Visual Studio Solution File, Format Version 12.00
# Visual Studio Version 17
VisualStudioVersion = 17.1.32210.238
MinimumVisualStudioVersion = 10.0.40219.1
Project("{FAE04EC0-301F-11D3-BF4B-00C04F79EFBC}") = "TestProject", "TestProject\TestProject.csproj", "{B2A8A1F4-5E9E-49E1-AA78-EAE8AAD4F67B}"
EndProject
Global
	GlobalSection(SolutionConfigurationPlatforms) = preSolution
		Debug|Any CPU = Debug|Any CPU
		Release|Any CPU = Release|Any CPU
	EndGlobalSection
	GlobalSection(ProjectConfigurationPlatforms) = postSolution
		{B2A8A1F4-5E9E-49E1-AA78-EAE8AAD4F67B}.Debug|Any CPU.ActiveCfg = Debug|Any CPU
		{B2A8A1F4-5E9E-49E1-AA78-EAE8AAD4F67B}.Debug|Any CPU.Build.0 = Debug|Any CPU
		{B2A8A1F4-5E9E-49E1-AA78-EAE8AAD4F67B}.Release|Any CPU.ActiveCfg = Release|Any CPU
		{B2A8A1F4-5E9E-49E1-AA78-EAE8AAD4F67B}.Release|Any CPU.Build.0 = Release|Any CPU
	EndGlobalSection
	GlobalSection(SolutionProperties) = preSolution
		HideSolutionNode = FALSE
	EndGlobalSection
	GlobalSection(ExtensibilityGlobals) = postSolution
		SolutionGuid = {04EB4297-0C9A-45EC-92AC-AE3670BE5018}
	EndGlobalSection
EndGlobal
